
Microsoft Visual Studio Solution File, Format Version 12.00
# Visual Studio 15
VisualStudioVersion = 15.0.26730.16
MinimumVisualStudioVersion = 10.0.40219.1
Project("{FAE04EC0-301F-11D3-BF4B-00C04F79EFBC}") = "Dnivtyzdni", "Dnivtyzdni\Dnivtyzdni.csproj", "{B6787254-20CB-458E-A226-1A687EA411E6}"
EndProject
Global
	GlobalSection(SolutionConfigurationPlatforms) = preSolution
		Debug|Any CPU = Debug|Any CPU
		Release|Any CPU = Release|Any CPU
	EndGlobalSection
	GlobalSection(ProjectConfigurationPlatforms) = postSolution
		{B6787254-20CB-458E-A226-1A687EA411E6}.Debug|Any CPU.ActiveCfg = Debug|Any CPU
		{B6787254-20CB-458E-A226-1A687EA411E6}.Debug|Any CPU.Build.0 = Debug|Any CPU
		{B6787254-20CB-458E-A226-1A687EA411E6}.Release|Any CPU.ActiveCfg = Release|Any CPU
		{B6787254-20CB-458E-A226-1A687EA411E6}.Release|Any CPU.Build.0 = Release|Any CPU
	EndGlobalSection
	GlobalSection(SolutionProperties) = preSolution
		HideSolutionNode = FALSE
	EndGlobalSection
	GlobalSection(ExtensibilityGlobals) = postSolution
		SolutionGuid = {4B008703-40C8-45F8-B102-B2EB4F31C5BE}
	EndGlobalSection
EndGlobal
